
Microsoft Visual Studio Solution File, Format Version 12.00
# Visual Studio 15
VisualStudioVersion = 15.0.27428.2037
MinimumVisualStudioVersion = 10.0.40219.1
Project("{FAE04EC0-301F-11D3-BF4B-00C04F79EFBC}") = "EllenAPI", "EllenAPI\EllenAPI.csproj", "{732CB1DF-0928-41F6-99DD-72983615C994}"
EndProject
Project("{FAE04EC0-301F-11D3-BF4B-00C04F79EFBC}") = "EllenAPI.Tests", "EllenAPI.Tests\EllenAPI.Tests.csproj", "{8C9308CD-697F-4879-8B16-2E847E72A691}"
EndProject
Global
	GlobalSection(SolutionConfigurationPlatforms) = preSolution
		Debug|Any CPU = Debug|Any CPU
		Release|Any CPU = Release|Any CPU
	EndGlobalSection
	GlobalSection(ProjectConfigurationPlatforms) = postSolution
		{732CB1DF-0928-41F6-99DD-72983615C994}.Debug|Any CPU.ActiveCfg = Debug|Any CPU
		{732CB1DF-0928-41F6-99DD-72983615C994}.Debug|Any CPU.Build.0 = Debug|Any CPU
		{732CB1DF-0928-41F6-99DD-72983615C994}.Release|Any CPU.ActiveCfg = Release|Any CPU
		{732CB1DF-0928-41F6-99DD-72983615C994}.Release|Any CPU.Build.0 = Release|Any CPU
		{8C9308CD-697F-4879-8B16-2E847E72A691}.Debug|Any CPU.ActiveCfg = Debug|Any CPU
		{8C9308CD-697F-4879-8B16-2E847E72A691}.Debug|Any CPU.Build.0 = Debug|Any CPU
		{8C9308CD-697F-4879-8B16-2E847E72A691}.Release|Any CPU.ActiveCfg = Release|Any CPU
		{8C9308CD-697F-4879-8B16-2E847E72A691}.Release|Any CPU.Build.0 = Release|Any CPU
	EndGlobalSection
	GlobalSection(SolutionProperties) = preSolution
		HideSolutionNode = FALSE
	EndGlobalSection
	GlobalSection(ExtensibilityGlobals) = postSolution
		SolutionGuid = {69912728-9D8F-48D0-9E9B-8D321ECE09D3}
	EndGlobalSection
EndGlobal
